{
  "nodes": {
    "esdbclient": {
      "inputs": {
        "flake-utils": [
          "pythoneda-shared-infrastructure",
          "flake-utils"
        ],
        "nixos": [
          "pythoneda-shared-infrastructure",
          "nixos"
        ]
      },
      "locked": {
        "dir": "esdbclient",
        "lastModified": 1705227856,
        "narHash": "sha256-mu3F53Bj7HAz8MOMCgtIgQ7ko8A0LG0MArCNqWbPHaM=",
        "owner": "rydnr",
        "repo": "nix-flakes",
        "rev": "783f471d5fd80d558483b16a48499ce2ecb024ad",
        "type": "github"
      },
      "original": {
        "dir": "esdbclient",
        "owner": "rydnr",
        "repo": "nix-flakes",
        "type": "github"
      }
    },
    "flake-utils": {
      "locked": {
        "lastModified": 1652776076,
        "narHash": "sha256-gzTw/v1vj4dOVbpBSJX4J0DwUR6LIyXo7/SuuTJp1kM=",
        "owner": "numtide",
        "repo": "flake-utils",
        "rev": "04c1b180862888302ddfb2e3ad9eaa63afc60cf8",
        "type": "github"
      },
      "original": {
        "owner": "numtide",
        "ref": "v1.0.0",
        "repo": "flake-utils",
        "type": "github"
      }
    },
    "nixos": {
      "locked": {
        "lastModified": 1701282334,
        "narHash": "sha256-MxCVrXY6v4QmfTwIysjjaX0XUhqBbxTWWB4HXtDYsdk=",
        "owner": "NixOS",
        "repo": "nixpkgs",
        "rev": "057f9aecfb71c4437d2b27d3323df7f93c010b7e",
        "type": "github"
      },
      "original": {
        "owner": "NixOS",
        "ref": "23.11",
        "repo": "nixpkgs",
        "type": "github"
      }
    },
    "pythoneda-shared-artifact-events": {
      "inputs": {
        "flake-utils": [
          "pythoneda-shared-artifact-shared",
          "flake-utils"
        ],
        "nixos": [
          "pythoneda-shared-artifact-shared",
          "nixos"
        ],
        "pythoneda-shared-pythoneda-banner": [
          "pythoneda-shared-artifact-shared",
          "pythoneda-shared-pythoneda-banner"
        ],
        "pythoneda-shared-pythoneda-domain": [
          "pythoneda-shared-artifact-shared",
          "pythoneda-shared-pythoneda-domain"
        ]
      },
      "locked": {
        "lastModified": 1705434266,
        "narHash": "sha256-yGKfMKtC4s3lirFZBr+64nDBYbp5sz3cUeYVaYwWAPc=",
        "owner": "pythoneda-shared-artifact-def",
        "repo": "events",
        "rev": "ee9960ef58da2018eb21c12bd324bac2e7117e1b",
        "type": "github"
      },
      "original": {
        "owner": "pythoneda-shared-artifact-def",
        "ref": "0.0.26",
        "repo": "events",
        "type": "github"
      }
    },
    "pythoneda-shared-artifact-shared": {
      "inputs": {
        "flake-utils": [
          "flake-utils"
        ],
        "nixos": [
          "nixos"
        ],
        "pythoneda-shared-artifact-events": "pythoneda-shared-artifact-events",
        "pythoneda-shared-git-shared": "pythoneda-shared-git-shared",
        "pythoneda-shared-nix-flake-shared": "pythoneda-shared-nix-flake-shared",
        "pythoneda-shared-pythoneda-banner": "pythoneda-shared-pythoneda-banner",
        "pythoneda-shared-pythoneda-domain": "pythoneda-shared-pythoneda-domain"
      },
      "locked": {
        "lastModified": 1705434397,
        "narHash": "sha256-B/zEZVvsOrP1a4FhMJKSw4IQUaR0Eys7fbu3UyAlxks=",
        "owner": "pythoneda-shared-artifact-def",
        "repo": "shared",
        "rev": "3b442a1172e2e986724b2f8ca0f162f10edfdc5e",
        "type": "github"
      },
      "original": {
        "owner": "pythoneda-shared-artifact-def",
        "ref": "0.0.32",
        "repo": "shared",
        "type": "github"
      }
    },
    "pythoneda-shared-banner": {
      "inputs": {
        "flake-utils": [
          "flake-utils"
        ],
        "nixos": [
          "nixos"
        ]
      },
      "locked": {
        "lastModified": 1705000493,
        "narHash": "sha256-95OtHjJreiv5Aamc3CYDbd3S8dNFvjVgoYyUx4UO5OU=",
        "owner": "pythoneda-shared-def",
        "repo": "banner",
        "rev": "87e640d31c9687baf5c47f42573b1472839ad3b3",
        "type": "github"
      },
      "original": {
        "owner": "pythoneda-shared-def",
        "ref": "0.0.41",
        "repo": "banner",
        "type": "github"
      }
    },
    "pythoneda-shared-domain": {
      "inputs": {
        "flake-utils": [
          "flake-utils"
        ],
        "nixos": [
          "nixos"
        ],
        "pythoneda-shared-pythoneda-banner": "pythoneda-shared-pythoneda-banner_2"
      },
      "locked": {
        "lastModified": 1705047565,
        "narHash": "sha256-90MhuGqyrW5PHz8O+ZjFqJwkxTArTQd8Lvfxz2AkDLw=",
        "owner": "pythoneda-shared-def",
        "repo": "domain",
        "rev": "c1aaf4442a09e3558c3d152a9fe8d4b57f9976f4",
        "type": "github"
      },
      "original": {
        "owner": "pythoneda-shared-def",
        "ref": "0.0.22",
        "repo": "domain",
        "type": "github"
      }
    },
    "pythoneda-shared-git-shared": {
      "inputs": {
        "flake-utils": [
          "pythoneda-shared-artifact-shared",
          "flake-utils"
        ],
        "nixos": [
          "pythoneda-shared-artifact-shared",
          "nixos"
        ],
        "pythoneda-shared-pythoneda-banner": [
          "pythoneda-shared-artifact-shared",
          "pythoneda-shared-pythoneda-banner"
        ],
        "pythoneda-shared-pythoneda-domain": [
          "pythoneda-shared-artifact-shared",
          "pythoneda-shared-pythoneda-domain"
        ]
      },
      "locked": {
        "lastModified": 1705434324,
        "narHash": "sha256-vhSIO2M9JAIHLhczjxx/PxQIAIJE00TUf2Nd8kx71dc=",
        "owner": "pythoneda-shared-git-def",
        "repo": "shared",
        "rev": "7c671281fdbf0f278a4e93bd68c1417e8578bfad",
        "type": "github"
      },
      "original": {
        "owner": "pythoneda-shared-git-def",
        "ref": "0.0.25",
        "repo": "shared",
        "type": "github"
      }
    },
    "pythoneda-shared-git-shared_2": {
      "inputs": {
        "flake-utils": [
          "pythoneda-shared-artifact-shared",
          "pythoneda-shared-nix-flake-shared",
          "flake-utils"
        ],
        "nixos": [
          "pythoneda-shared-artifact-shared",
          "pythoneda-shared-nix-flake-shared",
          "nixos"
        ],
        "pythoneda-shared-pythoneda-banner": [
          "pythoneda-shared-artifact-shared",
          "pythoneda-shared-nix-flake-shared",
          "pythoneda-shared-pythoneda-banner"
        ],
        "pythoneda-shared-pythoneda-domain": [
          "pythoneda-shared-artifact-shared",
          "pythoneda-shared-nix-flake-shared",
          "pythoneda-shared-pythoneda-domain"
        ]
      },
      "locked": {
        "lastModified": 1705434324,
        "narHash": "sha256-vhSIO2M9JAIHLhczjxx/PxQIAIJE00TUf2Nd8kx71dc=",
        "owner": "pythoneda-shared-git-def",
        "repo": "shared",
        "rev": "7c671281fdbf0f278a4e93bd68c1417e8578bfad",
        "type": "github"
      },
      "original": {
        "owner": "pythoneda-shared-git-def",
        "ref": "0.0.25",
        "repo": "shared",
        "type": "github"
      }
    },
    "pythoneda-shared-infrastructure": {
      "inputs": {
        "esdbclient": "esdbclient",
        "flake-utils": [
          "flake-utils"
        ],
        "nixos": [
          "nixos"
        ],
        "pythoneda-shared-pythoneda-banner": "pythoneda-shared-pythoneda-banner_3",
        "pythoneda-shared-pythoneda-domain": "pythoneda-shared-pythoneda-domain_2"
      },
      "locked": {
        "lastModified": 1705434197,
        "narHash": "sha256-EzJZEbYyFWAfJQQ4YrW6eY7nHk07OiR43aBfe+FnGMk=",
        "owner": "pythoneda-shared-def",
        "repo": "infrastructure",
        "rev": "615c8489fa83d31e7913cc94366bb2472272d335",
        "type": "github"
      },
      "original": {
        "owner": "pythoneda-shared-def",
        "ref": "0.0.19",
        "repo": "infrastructure",
        "type": "github"
      }
    },
    "pythoneda-shared-nix-flake-shared": {
      "inputs": {
        "flake-utils": [
          "pythoneda-shared-artifact-shared",
          "flake-utils"
        ],
        "nixos": [
          "pythoneda-shared-artifact-shared",
          "nixos"
        ],
        "pythoneda-shared-git-shared": "pythoneda-shared-git-shared_2",
        "pythoneda-shared-pythoneda-banner": [
          "pythoneda-shared-artifact-shared",
          "pythoneda-shared-pythoneda-banner"
        ],
        "pythoneda-shared-pythoneda-domain": [
          "pythoneda-shared-artifact-shared",
          "pythoneda-shared-pythoneda-domain"
        ],
        "stringtemplate3": "stringtemplate3"
      },
      "locked": {
        "lastModified": 1705434357,
        "narHash": "sha256-MReHaxeDTGpD/nyD7C+t0L1MgY5WRVOJJ72xyTZpl4c=",
        "owner": "pythoneda-shared-nix-flake-def",
        "repo": "shared",
        "rev": "6a4918a4c3cdd5e44a971c50b06296cd430504d6",
        "type": "github"
      },
      "original": {
        "owner": "pythoneda-shared-nix-flake-def",
        "ref": "0.0.27",
        "repo": "shared",
        "type": "github"
      }
    },
    "pythoneda-shared-pythoneda-banner": {
      "inputs": {
        "flake-utils": [
          "pythoneda-shared-artifact-shared",
          "flake-utils"
        ],
        "nixos": [
          "pythoneda-shared-artifact-shared",
          "nixos"
        ]
      },
      "locked": {
        "lastModified": 1705000493,
        "narHash": "sha256-95OtHjJreiv5Aamc3CYDbd3S8dNFvjVgoYyUx4UO5OU=",
        "owner": "pythoneda-shared-pythoneda-def",
        "repo": "banner",
        "rev": "87e640d31c9687baf5c47f42573b1472839ad3b3",
        "type": "github"
      },
      "original": {
        "owner": "pythoneda-shared-pythoneda-def",
        "ref": "0.0.41",
        "repo": "banner",
        "type": "github"
      }
    },
    "pythoneda-shared-pythoneda-banner_2": {
      "inputs": {
        "flake-utils": [
          "pythoneda-shared-domain",
          "flake-utils"
        ],
        "nixos": [
          "pythoneda-shared-domain",
          "nixos"
        ]
      },
      "locked": {
        "lastModified": 1705000493,
        "narHash": "sha256-95OtHjJreiv5Aamc3CYDbd3S8dNFvjVgoYyUx4UO5OU=",
        "owner": "pythoneda-shared-pythoneda-def",
        "repo": "banner",
        "rev": "87e640d31c9687baf5c47f42573b1472839ad3b3",
        "type": "github"
      },
      "original": {
        "owner": "pythoneda-shared-pythoneda-def",
        "ref": "0.0.41",
        "repo": "banner",
        "type": "github"
      }
    },
    "pythoneda-shared-pythoneda-banner_3": {
      "inputs": {
        "flake-utils": [
          "pythoneda-shared-infrastructure",
          "flake-utils"
        ],
        "nixos": [
          "pythoneda-shared-infrastructure",
          "nixos"
        ]
      },
      "locked": {
        "lastModified": 1705000493,
        "narHash": "sha256-95OtHjJreiv5Aamc3CYDbd3S8dNFvjVgoYyUx4UO5OU=",
        "owner": "pythoneda-shared-pythoneda-def",
        "repo": "banner",
        "rev": "87e640d31c9687baf5c47f42573b1472839ad3b3",
        "type": "github"
      },
      "original": {
        "owner": "pythoneda-shared-pythoneda-def",
        "ref": "0.0.41",
        "repo": "banner",
        "type": "github"
      }
    },
    "pythoneda-shared-pythoneda-domain": {
      "inputs": {
        "flake-utils": [
          "pythoneda-shared-artifact-shared",
          "flake-utils"
        ],
        "nixos": [
          "pythoneda-shared-artifact-shared",
          "nixos"
        ],
        "pythoneda-shared-pythoneda-banner": [
          "pythoneda-shared-artifact-shared",
          "pythoneda-shared-pythoneda-banner"
        ]
      },
      "locked": {
        "lastModified": 1705047565,
        "narHash": "sha256-90MhuGqyrW5PHz8O+ZjFqJwkxTArTQd8Lvfxz2AkDLw=",
        "owner": "pythoneda-shared-pythoneda-def",
        "repo": "domain",
        "rev": "c1aaf4442a09e3558c3d152a9fe8d4b57f9976f4",
        "type": "github"
      },
      "original": {
        "owner": "pythoneda-shared-pythoneda-def",
        "ref": "0.0.22",
        "repo": "domain",
        "type": "github"
      }
    },
    "pythoneda-shared-pythoneda-domain_2": {
      "inputs": {
        "flake-utils": [
          "pythoneda-shared-infrastructure",
          "flake-utils"
        ],
        "nixos": [
          "pythoneda-shared-infrastructure",
          "nixos"
        ],
        "pythoneda-shared-pythoneda-banner": [
          "pythoneda-shared-infrastructure",
          "pythoneda-shared-pythoneda-banner"
        ]
      },
      "locked": {
        "lastModified": 1705047565,
        "narHash": "sha256-90MhuGqyrW5PHz8O+ZjFqJwkxTArTQd8Lvfxz2AkDLw=",
        "owner": "pythoneda-shared-pythoneda-def",
        "repo": "domain",
        "rev": "c1aaf4442a09e3558c3d152a9fe8d4b57f9976f4",
        "type": "github"
      },
      "original": {
        "owner": "pythoneda-shared-pythoneda-def",
        "ref": "0.0.22",
        "repo": "domain",
        "type": "github"
      }
    },
    "root": {
      "inputs": {
        "flake-utils": "flake-utils",
        "nixos": "nixos",
        "pythoneda-shared-artifact-shared": "pythoneda-shared-artifact-shared",
        "pythoneda-shared-banner": "pythoneda-shared-banner",
        "pythoneda-shared-domain": "pythoneda-shared-domain",
        "pythoneda-shared-infrastructure": "pythoneda-shared-infrastructure"
      }
    },
    "stringtemplate3": {
      "inputs": {
        "flake-utils": [
          "pythoneda-shared-artifact-shared",
          "pythoneda-shared-nix-flake-shared",
          "flake-utils"
        ],
        "nixos": [
          "pythoneda-shared-artifact-shared",
          "pythoneda-shared-nix-flake-shared",
          "nixos"
        ]
      },
      "locked": {
        "dir": "stringtemplate3",
        "lastModified": 1695028695,
        "narHash": "sha256-nEyAQq8IJ8Cn8Rnf0jOqfhQ9ya6qtbmf5vuhsDN+KKw=",
        "owner": "rydnr",
        "repo": "nix-flakes",
        "rev": "81e0f7168b7d949c1e1f85897645cba7be7f325c",
        "type": "github"
      },
      "original": {
        "dir": "stringtemplate3",
        "owner": "rydnr",
        "ref": "stringtemplate3-3.1",
        "repo": "nix-flakes",
        "type": "github"
      }
    }
  },
  "root": "root",
  "version": 7
}
